<?xml version="1.0" encoding="utf-8"?>
<Project ToolsVersion="4.0" xmlns="http://schemas.microsoft.com/developer/msbuild/2003">
  <ItemGroup>
    <Filter Include="Source Files">
      <UniqueIdentifier>{4FC737F1-C7A5-4376-A066-2A32D752A2FF}</UniqueIdentifier>
      <Extensions>cpp;c;cc;cxx;def;odl;idl;hpj;bat;asm;asmx</Extensions>
    </Filter>
    <Filter Include="Header Files">
      <UniqueIdentifier>{93995380-89BD-4b04-88EB-625FBE52EBFB}</UniqueIdentifier>
      <Extensions>h;hh;hpp;hxx;hm;inl;inc;xsd</Extensions>
    </Filter>
    <Filter Include="Resource Files">
      <UniqueIdentifier>{67DA6AB6-F800-4c08-8B7A-83BB121AAD01}</UniqueIdentifier>
      <Extensions>rc;ico;cur;bmp;dlg;rc2;rct;bin;rgs;gif;jpg;jpeg;jpe;resx;tiff;tif;png;wav;mfcribbon-ms</Extensions>
    </Filter>
    <Filter Include="Drawables">
      <UniqueIdentifier>{d8324c74-8739-43d5-ac6e-fd992bfdf8aa}</UniqueIdentifier>
    </Filter>
    <Filter Include="GUI">
      <UniqueIdentifier>{8020546e-00f3-4bd7-9ae1-5f48374c8be0}</UniqueIdentifier>
    </Filter>
  </ItemGroup>
  <ItemGroup>
    <None Include="Shaders\shader.vert">
      <Filter>Resource Files</Filter>
    </None>
    <None Include="packages.config" />
    <None Include="Client_config.ini" />
    <None Include="Shaders\shader.frag">
      <Filter>Resource Files</Filter>
    </None>
    <None Include="Shaders\simple_texture.frag">
      <Filter>Resource Files</Filter>
    </None>
    <None Include="Shaders\simple_texture.vert">
      <Filter>Resource Files</Filter>
    </None>
    <None Include="bounding_box.vert">
      <Filter>Resource Files</Filter>
    </None>
    <None Include="bounding_box.frag">
      <Filter>Resource Files</Filter>
    </None>
  </ItemGroup>
  <ItemGroup>
    <ClInclude Include="client.h">
      <Filter>Header Files</Filter>
    </ClInclude>
    <ClInclude Include="file_mesh.h">
      <Filter>Header Files</Filter>
    </ClInclude>
    <ClInclude Include="mesh.h">
      <Filter>Header Files</Filter>
    </ClInclude>
    <ClInclude Include="model.h">
      <Filter>Header Files</Filter>
    </ClInclude>
    <ClInclude Include="orbit.h">
      <Filter>Header Files</Filter>
    </ClInclude>
    <ClInclude Include="shader.h">
      <Filter>Header Files</Filter>
    </ClInclude>
    <ClInclude Include="sphere_mesh.h">
      <Filter>Header Files</Filter>
    </ClInclude>
    <ClInclude Include="texture.h">
      <Filter>Header Files</Filter>
    </ClInclude>
    <ClInclude Include="transformation.h">
      <Filter>Header Files</Filter>
    </ClInclude>
    <ClInclude Include="vertex.h">
      <Filter>Header Files</Filter>
    </ClInclude>
    <ClInclude Include="skybox_mesh.h">
      <Filter>Header Files</Filter>
    </ClInclude>
    <ClInclude Include="particle_system.h">
      <Filter>Header Files</Filter>
    </ClInclude>
    <ClInclude Include="particle_emitter.h">
      <Filter>Header Files</Filter>
    </ClInclude>
    <ClInclude Include="thruster_emitter.h">
      <Filter>Header Files</Filter>
    </ClInclude>
    <ClInclude Include="laser_emitter.h">
      <Filter>Header Files</Filter>
    </ClInclude>
    <ClInclude Include="octree.h">
      <Filter>Header Files</Filter>
    </ClInclude>
    <ClInclude Include="view_frustum.h">
      <Filter>Header Files</Filter>
    </ClInclude>
    <ClInclude Include="plane.h">
      <Filter>Header Files</Filter>
    </ClInclude>
    <ClInclude Include="skybox_mesh.h">
      <Filter>Header Files</Filter>
    </ClInclude>
    <ClInclude Include="keyboard_handler.h">
      <Filter>Header Files</Filter>
    </ClInclude>
    <ClInclude Include="bounding_box.h">
      <Filter>Header Files</Filter>
    </ClInclude>
    <ClInclude Include="camera.h">
      <Filter>Header Files</Filter>
    </ClInclude>
    <ClInclude Include="drawable_planet.h">
      <Filter>Drawables</Filter>
    </ClInclude>
    <ClInclude Include="drawable.h">
      <Filter>Drawables</Filter>
    </ClInclude>
    <ClInclude Include="drawable_unit.h">
      <Filter>Drawables</Filter>
    </ClInclude>
    <ClInclude Include="sphere_model.h">
      <Filter>Header Files</Filter>
    </ClInclude>
    <ClInclude Include="drawable_city.h">
      <Filter>Drawables</Filter>
    </ClInclude>
    <ClInclude Include="drawable_slot.h">
      <Filter>Drawables</Filter>
    </ClInclude>
    <ClInclude Include="mesh_geometry.h">
      <Filter>Header Files</Filter>
    </ClInclude>
    <ClInclude Include="sphere_geometry.h">
      <Filter>Header Files</Filter>
    </ClInclude>
    <ClInclude Include="skybox_geometry.h">
      <Filter>Header Files</Filter>
    </ClInclude>
    <ClInclude Include="collision.h">
      <Filter>Header Files</Filter>
    </ClInclude>
    <ClInclude Include="ray.h">
      <Filter>Header Files</Filter>
    </ClInclude>
    <ClInclude Include="orbital_camera.h">
      <Filter>Header Files</Filter>
    </ClInclude>
    <ClInclude Include="free_camera.h">
      <Filter>Header Files</Filter>
    </ClInclude>
    <ClInclude Include="mouse_handler.h">
      <Filter>Header Files</Filter>
    </ClInclude>
    <ClInclude Include="mouse_button_status.h">
      <Filter>Header Files</Filter>
    </ClInclude>
    <ClInclude Include="quad.h">
      <Filter>Header Files</Filter>
    </ClInclude>
    <ClInclude Include="assimp_geometry.h">
      <Filter>Header Files</Filter>
    </ClInclude>
    <ClInclude Include="selectable.h">
      <Filter>Header Files</Filter>
    </ClInclude>
    <ClInclude Include="slot_info_panel.h">
      <Filter>GUI</Filter>
    </ClInclude>
    <ClInclude Include="gui.h">
      <Filter>GUI</Filter>
    </ClInclude>
    <ClInclude Include="gui_utilities.h">
      <Filter>GUI</Filter>
    </ClInclude>
    <ClInclude Include="unit_window.h">
      <Filter>GUI</Filter>
    </ClInclude>
    <ClInclude Include="leaderboard_widget.h">
      <Filter>Header Files</Filter>
    </ClInclude>
    <ClInclude Include="music_player.h">
      <Filter>Header Files</Filter>
    </ClInclude>
    <ClInclude Include="unit_create_button.h">
      <Filter>Header Files</Filter>
    </ClInclude>
    <ClInclude Include="model_preloader.h">
      <Filter>Header Files</Filter>
    </ClInclude>
    <ClInclude Include="unit_create_button.h">
      <Filter>Header Files</Filter>
    </ClInclude>
    <ClInclude Include="model_preloader.h">
      <Filter>Header Files</Filter>
    </ClInclude>
    <ClInclude Include="unit_spawn_widget.h">
      <Filter>Header Files</Filter>
    </ClInclude>
  </ItemGroup>
  <ItemGroup>
    <ClCompile Include="client.cpp">
      <Filter>Source Files</Filter>
    </ClCompile>
    <ClCompile Include="file_mesh.cpp">
      <Filter>Source Files</Filter>
    </ClCompile>
    <ClCompile Include="main.cpp">
      <Filter>Source Files</Filter>
    </ClCompile>
    <ClCompile Include="mesh.cpp">
      <Filter>Source Files</Filter>
    </ClCompile>
    <ClCompile Include="model.cpp">
      <Filter>Source Files</Filter>
    </ClCompile>
    <ClCompile Include="orbit.cpp">
      <Filter>Source Files</Filter>
    </ClCompile>
    <ClCompile Include="shader.cpp">
      <Filter>Source Files</Filter>
    </ClCompile>
    <ClCompile Include="sphere_mesh.cpp">
      <Filter>Source Files</Filter>
    </ClCompile>
    <ClCompile Include="texture.cpp">
      <Filter>Source Files</Filter>
    </ClCompile>
    <ClCompile Include="transformation.cpp">
      <Filter>Source Files</Filter>
    </ClCompile>
    <ClCompile Include="skybox_mesh.cpp">
      <Filter>Source Files</Filter>
    </ClCompile>
    <ClCompile Include="particle_system.cpp">
      <Filter>Source Files</Filter>
    </ClCompile>
    <ClCompile Include="particle_emitter.cpp">
      <Filter>Source Files</Filter>
    </ClCompile>
    <ClCompile Include="thruster_emitter.cpp">
      <Filter>Source Files</Filter>
    </ClCompile>
    <ClCompile Include="laser_emitter.cpp">
      <Filter>Source Files</Filter>
    </ClCompile>
    <ClCompile Include="octree.cpp">
      <Filter>Source Files</Filter>
    </ClCompile>
    <ClCompile Include="skybox_mesh.cpp">
      <Filter>Source Files</Filter>
    </ClCompile>
    <ClCompile Include="keyboard_handler.cpp">
      <Filter>Source Files</Filter>
    </ClCompile>
    <ClCompile Include="bounding_box.cpp">
      <Filter>Source Files</Filter>
    </ClCompile>
    <ClCompile Include="camera.cpp">
      <Filter>Source Files</Filter>
    </ClCompile>
    <ClCompile Include="drawable_planet.cpp">
      <Filter>Drawables</Filter>
    </ClCompile>
    <ClCompile Include="drawable.cpp">
      <Filter>Drawables</Filter>
    </ClCompile>
    <ClCompile Include="view_frustum.cpp">
      <Filter>Source Files</Filter>
    </ClCompile>
    <ClCompile Include="drawable_unit.cpp">
      <Filter>Drawables</Filter>
    </ClCompile>
    <ClCompile Include="sphere_model.cpp">
      <Filter>Source Files</Filter>
    </ClCompile>
    <ClCompile Include="drawable_slot.cpp">
      <Filter>Drawables</Filter>
    </ClCompile>
    <ClCompile Include="drawable_city.cpp">
      <Filter>Drawables</Filter>
    </ClCompile>
    <ClCompile Include="free_camera.cpp">
      <Filter>Source Files</Filter>
    </ClCompile>
    <ClCompile Include="mouse_handler.cpp">
      <Filter>Source Files</Filter>
    </ClCompile>
    <ClCompile Include="mesh_geometry.cpp">
      <Filter>Source Files</Filter>
    </ClCompile>
    <ClCompile Include="sphere_geometry.cpp">
      <Filter>Source Files</Filter>
    </ClCompile>
    <ClCompile Include="skybox_geometry.cpp">
      <Filter>Source Files</Filter>
    </ClCompile>
    <ClCompile Include="quad.cpp">
      <Filter>Source Files</Filter>
    </ClCompile>
    <ClCompile Include="assimp_geometry.cpp">
      <Filter>Source Files</Filter>
    </ClCompile>
    <ClCompile Include="..\packages\nanogui\ext\glad\src\glad.c">
      <Filter>Source Files</Filter>
    </ClCompile>
    <ClCompile Include="orbital_camera.cpp">
      <Filter>Source Files</Filter>
    </ClCompile>
    <ClCompile Include="gui.cpp">
      <Filter>GUI</Filter>
    </ClCompile>
    <ClCompile Include="slot_info_panel.cpp">
      <Filter>GUI</Filter>
    </ClCompile>
    <ClCompile Include="unit_window.cpp">
      <Filter>GUI</Filter>
    </ClCompile>
    <ClCompile Include="leaderboard_widget.cpp">
      <Filter>Source Files</Filter>
    </ClCompile>
    <ClCompile Include="music_player.cpp">
      <Filter>Source Files</Filter>
    </ClCompile>
    <ClCompile Include="unit_create_button.cpp">
      <Filter>Source Files</Filter>
    </ClCompile>
    <ClCompile Include="model_preloader.cpp">
      <Filter>Source Files</Filter>
    </ClCompile>
    <ClCompile Include="unit_create_button.cpp">
      <Filter>Source Files</Filter>
    </ClCompile>
    <ClCompile Include="model_preloader.cpp">
      <Filter>Source Files</Filter>
    </ClCompile>
    <ClCompile Include="unit_spawn_widget.cpp">
      <Filter>Source Files</Filter>
    </ClCompile>
  </ItemGroup>
</Project>
