
Microsoft Visual Studio Solution File, Format Version 12.00
# Visual Studio 15
VisualStudioVersion = 15.0.26403.0
MinimumVisualStudioVersion = 10.0.40219.1
Project("{8BC9CEB8-8B4A-11D0-8D11-00A0C91BC942}") = "Client", "Client\Client.vcxproj", "{53C3E546-F4BE-4A46-978A-C60B58CF2CF7}"
	ProjectSection(ProjectDependencies) = postProject
		{8FBFFC03-4B81-4E40-8B7C-A5B1B5A07EEE} = {8FBFFC03-4B81-4E40-8B7C-A5B1B5A07EEE}
		{E88FBE84-45D7-4B16-B0B4-C07326B8E6DC} = {E88FBE84-45D7-4B16-B0B4-C07326B8E6DC}
	EndProjectSection
EndProject
Project("{8BC9CEB8-8B4A-11D0-8D11-00A0C91BC942}") = "SunNet", "SunNet\SunNet.vcxproj", "{E88FBE84-45D7-4B16-B0B4-C07326B8E6DC}"
EndProject
Project("{8BC9CEB8-8B4A-11D0-8D11-00A0C91BC942}") = "Server", "Server\Server.vcxproj", "{2BDE4C67-9DDE-4DCD-AB2B-A20E75409809}"
	ProjectSection(ProjectDependencies) = postProject
		{8FBFFC03-4B81-4E40-8B7C-A5B1B5A07EEE} = {8FBFFC03-4B81-4E40-8B7C-A5B1B5A07EEE}
		{E88FBE84-45D7-4B16-B0B4-C07326B8E6DC} = {E88FBE84-45D7-4B16-B0B4-C07326B8E6DC}
	EndProjectSection
EndProject
Project("{8BC9CEB8-8B4A-11D0-8D11-00A0C91BC942}") = "Core", "Core\Core.vcxproj", "{8FBFFC03-4B81-4E40-8B7C-A5B1B5A07EEE}"
EndProject
Project("{8BC9CEB8-8B4A-11D0-8D11-00A0C91BC942}") = "Test", "Test\Test.vcxproj", "{F8275685-D1F5-40F4-B992-5D601D350331}"
	ProjectSection(ProjectDependencies) = postProject
		{8FBFFC03-4B81-4E40-8B7C-A5B1B5A07EEE} = {8FBFFC03-4B81-4E40-8B7C-A5B1B5A07EEE}
		{E88FBE84-45D7-4B16-B0B4-C07326B8E6DC} = {E88FBE84-45D7-4B16-B0B4-C07326B8E6DC}
	EndProjectSection
EndProject
Global
	GlobalSection(Performance) = preSolution
		HasPerformanceSessions = true
	EndGlobalSection
	GlobalSection(SolutionConfigurationPlatforms) = preSolution
		Debug|x64 = Debug|x64
		Debug|x86 = Debug|x86
		Release|x64 = Release|x64
		Release|x86 = Release|x86
	EndGlobalSection
	GlobalSection(ProjectConfigurationPlatforms) = postSolution
		{53C3E546-F4BE-4A46-978A-C60B58CF2CF7}.Debug|x64.ActiveCfg = Debug|x64
		{53C3E546-F4BE-4A46-978A-C60B58CF2CF7}.Debug|x64.Build.0 = Debug|x64
		{53C3E546-F4BE-4A46-978A-C60B58CF2CF7}.Debug|x86.ActiveCfg = Debug|Win32
		{53C3E546-F4BE-4A46-978A-C60B58CF2CF7}.Debug|x86.Build.0 = Debug|Win32
		{53C3E546-F4BE-4A46-978A-C60B58CF2CF7}.Release|x64.ActiveCfg = Release|x64
		{53C3E546-F4BE-4A46-978A-C60B58CF2CF7}.Release|x64.Build.0 = Release|x64
		{53C3E546-F4BE-4A46-978A-C60B58CF2CF7}.Release|x86.ActiveCfg = Release|Win32
		{53C3E546-F4BE-4A46-978A-C60B58CF2CF7}.Release|x86.Build.0 = Release|Win32
		{E88FBE84-45D7-4B16-B0B4-C07326B8E6DC}.Debug|x64.ActiveCfg = Debug|x64
		{E88FBE84-45D7-4B16-B0B4-C07326B8E6DC}.Debug|x64.Build.0 = Debug|x64
		{E88FBE84-45D7-4B16-B0B4-C07326B8E6DC}.Debug|x86.ActiveCfg = Debug|Win32
		{E88FBE84-45D7-4B16-B0B4-C07326B8E6DC}.Debug|x86.Build.0 = Debug|Win32
		{E88FBE84-45D7-4B16-B0B4-C07326B8E6DC}.Release|x64.ActiveCfg = Release|x64
		{E88FBE84-45D7-4B16-B0B4-C07326B8E6DC}.Release|x64.Build.0 = Release|x64
		{E88FBE84-45D7-4B16-B0B4-C07326B8E6DC}.Release|x86.ActiveCfg = Release|Win32
		{E88FBE84-45D7-4B16-B0B4-C07326B8E6DC}.Release|x86.Build.0 = Release|Win32
		{2BDE4C67-9DDE-4DCD-AB2B-A20E75409809}.Debug|x64.ActiveCfg = Debug|x64
		{2BDE4C67-9DDE-4DCD-AB2B-A20E75409809}.Debug|x64.Build.0 = Debug|x64
		{2BDE4C67-9DDE-4DCD-AB2B-A20E75409809}.Debug|x86.ActiveCfg = Debug|Win32
		{2BDE4C67-9DDE-4DCD-AB2B-A20E75409809}.Debug|x86.Build.0 = Debug|Win32
		{2BDE4C67-9DDE-4DCD-AB2B-A20E75409809}.Release|x64.ActiveCfg = Release|x64
		{2BDE4C67-9DDE-4DCD-AB2B-A20E75409809}.Release|x64.Build.0 = Release|x64
		{2BDE4C67-9DDE-4DCD-AB2B-A20E75409809}.Release|x86.ActiveCfg = Release|Win32
		{2BDE4C67-9DDE-4DCD-AB2B-A20E75409809}.Release|x86.Build.0 = Release|Win32
		{8FBFFC03-4B81-4E40-8B7C-A5B1B5A07EEE}.Debug|x64.ActiveCfg = Debug|x64
		{8FBFFC03-4B81-4E40-8B7C-A5B1B5A07EEE}.Debug|x64.Build.0 = Debug|x64
		{8FBFFC03-4B81-4E40-8B7C-A5B1B5A07EEE}.Debug|x86.ActiveCfg = Debug|Win32
		{8FBFFC03-4B81-4E40-8B7C-A5B1B5A07EEE}.Debug|x86.Build.0 = Debug|Win32
		{8FBFFC03-4B81-4E40-8B7C-A5B1B5A07EEE}.Release|x64.ActiveCfg = Release|x64
		{8FBFFC03-4B81-4E40-8B7C-A5B1B5A07EEE}.Release|x64.Build.0 = Release|x64
		{8FBFFC03-4B81-4E40-8B7C-A5B1B5A07EEE}.Release|x86.ActiveCfg = Release|Win32
		{8FBFFC03-4B81-4E40-8B7C-A5B1B5A07EEE}.Release|x86.Build.0 = Release|Win32
		{F8275685-D1F5-40F4-B992-5D601D350331}.Debug|x64.ActiveCfg = Debug|x64
		{F8275685-D1F5-40F4-B992-5D601D350331}.Debug|x64.Build.0 = Debug|x64
		{F8275685-D1F5-40F4-B992-5D601D350331}.Debug|x86.ActiveCfg = Debug|Win32
		{F8275685-D1F5-40F4-B992-5D601D350331}.Debug|x86.Build.0 = Debug|Win32
		{F8275685-D1F5-40F4-B992-5D601D350331}.Release|x64.ActiveCfg = Release|x64
		{F8275685-D1F5-40F4-B992-5D601D350331}.Release|x64.Build.0 = Release|x64
		{F8275685-D1F5-40F4-B992-5D601D350331}.Release|x86.ActiveCfg = Release|Win32
		{F8275685-D1F5-40F4-B992-5D601D350331}.Release|x86.Build.0 = Release|Win32
	EndGlobalSection
	GlobalSection(SolutionProperties) = preSolution
		HideSolutionNode = FALSE
	EndGlobalSection
	GlobalSection(Performance) = preSolution
		HasPerformanceSessions = true
	EndGlobalSection
	GlobalSection(Performance) = preSolution
		HasPerformanceSessions = true
	EndGlobalSection
EndGlobal
