<?xml version="1.0" encoding="utf-8"?>
<Project ToolsVersion="4.0" xmlns="http://schemas.microsoft.com/developer/msbuild/2003">
  <ItemGroup>
    <Filter Include="Source Files">
      <UniqueIdentifier>{4FC737F1-C7A5-4376-A066-2A32D752A2FF}</UniqueIdentifier>
      <Extensions>cpp;c;cc;cxx;def;odl;idl;hpj;bat;asm;asmx</Extensions>
    </Filter>
    <Filter Include="Header Files">
      <UniqueIdentifier>{93995380-89BD-4b04-88EB-625FBE52EBFB}</UniqueIdentifier>
      <Extensions>h;hh;hpp;hxx;hm;inl;inc;xsd</Extensions>
    </Filter>
    <Filter Include="Networking">
      <UniqueIdentifier>{08d61a7f-8759-4529-8105-e71670604348}</UniqueIdentifier>
    </Filter>
    <Filter Include="Utility Library">
      <UniqueIdentifier>{8356a21f-d01a-4ed3-9a52-78603aa51687}</UniqueIdentifier>
    </Filter>
    <Filter Include="Updates">
      <UniqueIdentifier>{bf61f581-def7-422a-9ba7-1bb30df4685b}</UniqueIdentifier>
    </Filter>
    <Filter Include="Commands">
      <UniqueIdentifier>{a2680ed8-3455-4362-8da6-54e3eca0296d}</UniqueIdentifier>
    </Filter>
    <Filter Include="Units">
      <UniqueIdentifier>{3df61926-f0d9-4a4a-92e4-c32a8ffa76d0}</UniqueIdentifier>
    </Filter>
    <Filter Include="Managers">
      <UniqueIdentifier>{29aad4f1-f1b3-492c-9719-331be87de5be}</UniqueIdentifier>
    </Filter>
    <Filter Include="Buildings">
      <UniqueIdentifier>{5a462d50-3b96-4e7a-a0a6-878bb2528b03}</UniqueIdentifier>
    </Filter>
  </ItemGroup>
  <ItemGroup>
    <ClInclude Include="attackable_game_object.h">
      <Filter>Header Files</Filter>
    </ClInclude>
    <ClInclude Include="city.h">
      <Filter>Header Files</Filter>
    </ClInclude>
    <ClInclude Include="game_object.h">
      <Filter>Header Files</Filter>
    </ClInclude>
    <ClInclude Include="player.h">
      <Filter>Header Files</Filter>
    </ClInclude>
    <ClInclude Include="slot.h">
      <Filter>Header Files</Filter>
    </ClInclude>
    <ClInclude Include="planet.h">
      <Filter>Header Files</Filter>
    </ClInclude>
    <ClInclude Include="identifiable.h">
      <Filter>Header Files</Filter>
    </ClInclude>
    <ClInclude Include="game_channels.h">
      <Filter>Networking</Filter>
    </ClInclude>
    <ClInclude Include="config_parser.h">
      <Filter>Utility Library</Filter>
    </ClInclude>
    <ClInclude Include="ini_parser.h">
      <Filter>Utility Library</Filter>
    </ClInclude>
    <ClInclude Include="lib.h">
      <Filter>Utility Library</Filter>
    </ClInclude>
    <ClInclude Include="logging.h">
      <Filter>Utility Library</Filter>
    </ClInclude>
    <ClInclude Include="game_object_update.h">
      <Filter>Updates</Filter>
    </ClInclude>
    <ClInclude Include="city_update.h">
      <Filter>Updates</Filter>
    </ClInclude>
    <ClInclude Include="planet_update.h">
      <Filter>Updates</Filter>
    </ClInclude>
    <ClInclude Include="player_update.h">
      <Filter>Updates</Filter>
    </ClInclude>
    <ClInclude Include="unit_update.h">
      <Filter>Updates</Filter>
    </ClInclude>
    <ClInclude Include="locked_item.h">
      <Filter>Utility Library</Filter>
    </ClInclude>
    <ClInclude Include="player_id_confirmation.h">
      <Filter>Updates</Filter>
    </ClInclude>
    <ClInclude Include="unit_command.h">
      <Filter>Commands</Filter>
    </ClInclude>
    <ClInclude Include="base_command.h">
      <Filter>Commands</Filter>
    </ClInclude>
    <ClInclude Include="debug_pause.h">
      <Filter>Updates</Filter>
    </ClInclude>
    <ClInclude Include="debug_switch.h">
      <Filter>Updates</Filter>
    </ClInclude>
    <ClInclude Include="fileutils.h">
      <Filter>Utility Library</Filter>
    </ClInclude>
    <ClInclude Include="player_command.h">
      <Filter>Commands</Filter>
    </ClInclude>
    <ClInclude Include="unit_creation_update.h">
      <Filter>Updates</Filter>
    </ClInclude>
    <ClInclude Include="planet_types.h">
      <Filter>Header Files</Filter>
    </ClInclude>
    <ClInclude Include="debug_pause.h">
      <Filter>Commands</Filter>
    </ClInclude>
    <ClInclude Include="debug_switch.h">
      <Filter>Commands</Filter>
    </ClInclude>
    <ClInclude Include="player_client_to_server_xfer.h">
      <Filter>Commands</Filter>
    </ClInclude>
    <ClInclude Include="spherical_coordinate.h">
      <Filter>Header Files</Filter>
    </ClInclude>
    <ClInclude Include="settle_city_command.h">
      <Filter>Commands</Filter>
    </ClInclude>
    <ClInclude Include="city_creation_update.h">
      <Filter>Updates</Filter>
    </ClInclude>
    <ClInclude Include="resources.h">
      <Filter>Header Files</Filter>
    </ClInclude>
    <ClInclude Include="trade_deal.h">
      <Filter>Header Files</Filter>
    </ClInclude>
    <ClInclude Include="spherical_coordinate.h">
      <Filter>Header Files</Filter>
    </ClInclude>
    <ClInclude Include="trade_command.h">
      <Filter>Commands</Filter>
    </ClInclude>
    <ClInclude Include="trade_data.h">
      <Filter>Header Files</Filter>
    </ClInclude>
    <ClInclude Include="singleton.h">
      <Filter>Header Files</Filter>
    </ClInclude>
    <ClInclude Include="attack.h">
      <Filter>Header Files</Filter>
    </ClInclude>
    <ClInclude Include="instant_laser_attack.h">
      <Filter>Header Files</Filter>
    </ClInclude>
    <ClInclude Include="tech_tree.h">
      <Filter>Header Files</Filter>
    </ClInclude>
    <ClInclude Include="game_session.h">
      <Filter>Header Files</Filter>
    </ClInclude>
    <ClInclude Include="slot_update.h">
      <Filter>Updates</Filter>
    </ClInclude>
    <ClInclude Include="new_player_info_update.h">
      <Filter>Updates</Filter>
    </ClInclude>
    <ClInclude Include="unit_type.h">
      <Filter>Header Files</Filter>
    </ClInclude>
    <ClInclude Include="unit.h">
      <Filter>Units</Filter>
    </ClInclude>
    <ClInclude Include="basic_unit.h">
      <Filter>Units</Filter>
    </ClInclude>
    <ClInclude Include="heavy_unit.h">
      <Filter>Units</Filter>
    </ClInclude>
    <ClInclude Include="unit_spawner_update.h">
      <Filter>Updates</Filter>
    </ClInclude>
    <ClInclude Include="player_color.h">
      <Filter>Header Files</Filter>
    </ClInclude>
    <ClInclude Include="game_over_update.h">
      <Filter>Updates</Filter>
    </ClInclude>
    <ClInclude Include="player_manager.h">
      <Filter>Header Files</Filter>
    </ClInclude>
    <ClInclude Include="player_score_update.h">
      <Filter>Updates</Filter>
    </ClInclude>
    <ClInclude Include="universe.h">
      <Filter>Managers</Filter>
    </ClInclude>
    <ClInclude Include="unit_manager.h">
      <Filter>Managers</Filter>
    </ClInclude>
    <ClInclude Include="player_manager.h">
      <Filter>Managers</Filter>
    </ClInclude>
    <ClInclude Include="city_manager.h">
      <Filter>Managers</Filter>
    </ClInclude>
    <ClInclude Include="building_type.h">
      <Filter>Header Files</Filter>
    </ClInclude>
    <ClInclude Include="buildable.h">
      <Filter>Header Files</Filter>
    </ClInclude>
    <ClInclude Include="building.h">
      <Filter>Buildings</Filter>
    </ClInclude>
    <ClInclude Include="fission_plant.h">
      <Filter>Buildings</Filter>
    </ClInclude>
    <ClInclude Include="fusion_plant.h">
      <Filter>Buildings</Filter>
    </ClInclude>
    <ClInclude Include="research_facility.h">
      <Filter>Buildings</Filter>
    </ClInclude>
    <ClInclude Include="player_research_update.h">
      <Filter>Updates</Filter>
    </ClInclude>
    <ClInclude Include="research_command.h">
      <Filter>Commands</Filter>
    </ClInclude>
    <ClInclude Include="builder.h">
      <Filter>Header Files</Filter>
    </ClInclude>
    <ClInclude Include="time_update.h">
      <Filter>Updates</Filter>
    </ClInclude>
  </ItemGroup>
  <ItemGroup>
    <None Include="packages.config" />
    <ClCompile Include="city.cpp">
      <Filter>Source Files</Filter>
    </ClCompile>
    <ClCompile Include="player.cpp">
      <Filter>Source Files</Filter>
    </ClCompile>
    <ClCompile Include="planet.cpp">
      <Filter>Source Files</Filter>
    </ClCompile>
    <ClCompile Include="slot.cpp">
      <Filter>Source Files</Filter>
    </ClCompile>
    <ClCompile Include="game_object.cpp">
      <Filter>Source Files</Filter>
    </ClCompile>
  </ItemGroup>
  <ItemGroup>
    <ClCompile Include="game_channels.cpp">
      <Filter>Networking</Filter>
    </ClCompile>
    <ClCompile Include="ini_parser.cpp">
      <Filter>Utility Library</Filter>
    </ClCompile>
    <ClCompile Include="config_parser.cpp">
      <Filter>Utility Library</Filter>
    </ClCompile>
    <ClCompile Include="lib.cpp">
      <Filter>Utility Library</Filter>
    </ClCompile>
    <ClCompile Include="city_update.cpp">
      <Filter>Updates</Filter>
    </ClCompile>
    <ClCompile Include="game_object_update.cpp">
      <Filter>Updates</Filter>
    </ClCompile>
    <ClCompile Include="planet_update.cpp">
      <Filter>Updates</Filter>
    </ClCompile>
    <ClCompile Include="player_update.cpp">
      <Filter>Updates</Filter>
    </ClCompile>
    <ClCompile Include="unit_update.cpp">
      <Filter>Updates</Filter>
    </ClCompile>
    <ClCompile Include="logging.cpp">
      <Filter>Utility Library</Filter>
    </ClCompile>
    <ClCompile Include="attackable_game_object.cpp">
      <Filter>Source Files</Filter>
    </ClCompile>
    <ClCompile Include="fileutils.cpp">
      <Filter>Utility Library</Filter>
    </ClCompile>
    <ClCompile Include="unit_creation_update.cpp">
      <Filter>Updates</Filter>
    </ClCompile>
    <ClCompile Include="attackable_game_object.cpp">
      <Filter>Source Files</Filter>
    </ClCompile>
    <ClCompile Include="fileutils.cpp">
      <Filter>Utility Library</Filter>
    </ClCompile>
    <ClCompile Include="base_command.cpp">
      <Filter>Commands</Filter>
    </ClCompile>
    <ClCompile Include="player_command.cpp">
      <Filter>Commands</Filter>
    </ClCompile>
    <ClCompile Include="unit_command.cpp">
      <Filter>Commands</Filter>
    </ClCompile>
    <ClCompile Include="player_client_to_server_xfer.cpp">
      <Filter>Commands</Filter>
    </ClCompile>
    <ClCompile Include="attackable_game_object.cpp">
      <Filter>Source Files</Filter>
    </ClCompile>
    <ClCompile Include="spherical_coordinate.cpp">
      <Filter>Source Files</Filter>
    </ClCompile>
    <ClCompile Include="settle_city_command.cpp">
      <Filter>Commands</Filter>
    </ClCompile>
    <ClCompile Include="city_creation_update.cpp">
      <Filter>Updates</Filter>
    </ClCompile>
    <ClCompile Include="trade_deal.cpp">
      <Filter>Source Files</Filter>
    </ClCompile>
    <ClCompile Include="trade_command.cpp">
      <Filter>Commands</Filter>
    </ClCompile>
    <ClCompile Include="trade_data.cpp">
      <Filter>Source Files</Filter>
    </ClCompile>
    <ClCompile Include="attack.cpp">
      <Filter>Source Files</Filter>
    </ClCompile>
    <ClCompile Include="tech_tree.cpp">
      <Filter>Source Files</Filter>
    </ClCompile>
    <ClCompile Include="game_session.cpp">
      <Filter>Source Files</Filter>
    </ClCompile>
    <ClCompile Include="resources.cpp">
      <Filter>Source Files</Filter>
    </ClCompile>
    <ClCompile Include="slot_update.cpp">
      <Filter>Updates</Filter>
    </ClCompile>
    <ClCompile Include="new_player_info_update.cpp">
      <Filter>Updates</Filter>
    </ClCompile>
    <ClCompile Include="city_manager.cpp">
      <Filter>Source Files</Filter>
    </ClCompile>
    <ClCompile Include="unit_type.cpp">
      <Filter>Source Files</Filter>
    </ClCompile>
    <ClCompile Include="unit.cpp">
      <Filter>Units</Filter>
    </ClCompile>
    <ClCompile Include="basic_unit.cpp">
      <Filter>Units</Filter>
    </ClCompile>
    <ClCompile Include="heavy_unit.cpp">
      <Filter>Units</Filter>
    </ClCompile>
    <ClCompile Include="player_color.cpp">
      <Filter>Source Files</Filter>
    </ClCompile>
    <ClCompile Include="player_score_update.cpp">
      <Filter>Updates</Filter>
    </ClCompile>
    <ClCompile Include="universe.cpp">
      <Filter>Managers</Filter>
    </ClCompile>
    <ClCompile Include="unit_manager.cpp">
      <Filter>Managers</Filter>
    </ClCompile>
    <ClCompile Include="player_manager.cpp">
      <Filter>Managers</Filter>
    </ClCompile>
    <ClCompile Include="city_manager.cpp">
      <Filter>Managers</Filter>
    </ClCompile>
    <ClCompile Include="building_type..cpp">
      <Filter>Source Files</Filter>
    </ClCompile>
    <ClCompile Include="buildable.cpp">
      <Filter>Source Files</Filter>
    </ClCompile>
    <ClCompile Include="building.cpp">
      <Filter>Buildings</Filter>
    </ClCompile>
    <ClCompile Include="fission_plant.cpp">
      <Filter>Buildings</Filter>
    </ClCompile>
    <ClCompile Include="fusion_plant.cpp">
      <Filter>Buildings</Filter>
    </ClCompile>
    <ClCompile Include="research_facility.cpp">
      <Filter>Buildings</Filter>
    </ClCompile>
    <ClCompile Include="player_research_update.cpp">
      <Filter>Updates</Filter>
    </ClCompile>
    <ClCompile Include="research_command.cpp">
      <Filter>Commands</Filter>
    </ClCompile>
    <ClCompile Include="builder.cpp">
      <Filter>Source Files</Filter>
    </ClCompile>
    <ClCompile Include="time_update.cpp">
      <Filter>Updates</Filter>
    </ClCompile>
  </ItemGroup>
  <ItemGroup>
    <None Include="packages.config" />
  </ItemGroup>
</Project>