<?xml version="1.0" encoding="utf-8"?>
<Project ToolsVersion="4.0" xmlns="http://schemas.microsoft.com/developer/msbuild/2003">
  <ItemGroup>
    <Filter Include="Source Files">
      <UniqueIdentifier>{4FC737F1-C7A5-4376-A066-2A32D752A2FF}</UniqueIdentifier>
      <Extensions>cpp;c;cc;cxx;def;odl;idl;hpj;bat;asm;asmx</Extensions>
    </Filter>
    <Filter Include="Header Files">
      <UniqueIdentifier>{93995380-89BD-4b04-88EB-625FBE52EBFB}</UniqueIdentifier>
      <Extensions>h;hh;hpp;hxx;hm;inl;inc;xsd</Extensions>
    </Filter>
    <Filter Include="Resource Files">
      <UniqueIdentifier>{67DA6AB6-F800-4c08-8B7A-83BB121AAD01}</UniqueIdentifier>
      <Extensions>rc;ico;cur;bmp;dlg;rc2;rct;bin;rgs;gif;jpg;jpeg;jpe;resx;tiff;tif;png;wav;mfcribbon-ms</Extensions>
    </Filter>
    <Filter Include="Networking">
      <UniqueIdentifier>{08d61a7f-8759-4529-8105-e71670604348}</UniqueIdentifier>
    </Filter>
    <Filter Include="Utility Library">
      <UniqueIdentifier>{8356a21f-d01a-4ed3-9a52-78603aa51687}</UniqueIdentifier>
    </Filter>
  </ItemGroup>
  <ItemGroup>
    <ClInclude Include="city.h">
      <Filter>Header Files</Filter>
    </ClInclude>
    <ClInclude Include="game_object.h">
      <Filter>Header Files</Filter>
    </ClInclude>
    <ClInclude Include="player.h">
      <Filter>Header Files</Filter>
    </ClInclude>
    <ClInclude Include="slot.h">
      <Filter>Header Files</Filter>
    </ClInclude>
    <ClInclude Include="planet.h">
      <Filter>Header Files</Filter>
    </ClInclude>
    <ClInclude Include="unit.h">
      <Filter>Header Files</Filter>
    </ClInclude>
    <ClInclude Include="attackable.h">
      <Filter>Header Files</Filter>
    </ClInclude>
    <ClInclude Include="drawable.h">
      <Filter>Header Files</Filter>
    </ClInclude>
    <ClInclude Include="identifiable.h">
      <Filter>Header Files</Filter>
    </ClInclude>
    <ClInclude Include="unit_update.h">
      <Filter>Header Files</Filter>
    </ClInclude>
    <ClInclude Include="player_update.h">
      <Filter>Header Files</Filter>
    </ClInclude>
    <ClInclude Include="planet_update.h">
      <Filter>Header Files</Filter>
    </ClInclude>
    <ClInclude Include="city_update.h">
      <Filter>Header Files</Filter>
    </ClInclude>
    <ClInclude Include="slot_update.h">
      <Filter>Header Files</Filter>
    </ClInclude>
    <ClInclude Include="game_channels.h">
      <Filter>Networking</Filter>
    </ClInclude>
    <ClInclude Include="config_parser.h">
      <Filter>Utility Library</Filter>
    </ClInclude>
    <ClInclude Include="ini_parser.h">
      <Filter>Utility Library</Filter>
    </ClInclude>
    <ClInclude Include="lib.h">
      <Filter>Utility Library</Filter>
    </ClInclude>
    <ClInclude Include="upgradable.h">
      <Filter>Header Files</Filter>
    </ClInclude>
    <ClInclude Include="attackable_upgradable.h">
      <Filter>Header Files</Filter>
    </ClInclude>
    <ClInclude Include="city_upgradable.h">
      <Filter>Header Files</Filter>
    </ClInclude>
    <ClInclude Include="unit_upgradable.h">
      <Filter>Header Files</Filter>
    </ClInclude>
  </ItemGroup>
  <ItemGroup>
    <None Include="packages.config" />
    <ClCompile Include="city.cpp">
      <Filter>Source Files</Filter>
    </ClCompile>
    <ClCompile Include="main.cpp">
      <Filter>Source Files</Filter>
    </ClCompile>
    <ClCompile Include="player.cpp">
      <Filter>Source Files</Filter>
    </ClCompile>
    <ClCompile Include="planet.cpp">
      <Filter>Source Files</Filter>
    </ClCompile>
    <ClCompile Include="slot.cpp">
      <Filter>Source Files</Filter>
    </ClCompile>
    <ClCompile Include="unit.cpp">
      <Filter>Source Files</Filter>
    </ClCompile>
    <ClCompile Include="attackable.cpp">
      <Filter>Source Files</Filter>
    </ClCompile>
    <ClCompile Include="game_object.cpp">
      <Filter>Source Files</Filter>
    </ClCompile>
    <ClCompile Include="unit_sample.cpp">
      <Filter>Source Files</Filter>
    </ClCompile>
  </ItemGroup>
  <ItemGroup>
    <None Include="packages.config" />
  </ItemGroup>
  <ItemGroup>
    <ClCompile Include="game_channels.cpp">
      <Filter>Networking</Filter>
    </ClCompile>
    <ClCompile Include="ini_parser.cpp">
      <Filter>Utility Library</Filter>
    </ClCompile>
    <ClCompile Include="config_parser.cpp">
      <Filter>Utility Library</Filter>
    </ClCompile>
    <ClCompile Include="lib.cpp">
      <Filter>Utility Library</Filter>
    </ClCompile>
    <ClCompile Include="attackable_upgradable.cpp">
      <Filter>Source Files</Filter>
    </ClCompile>
    <ClCompile Include="city_upgradable.cpp">
      <Filter>Source Files</Filter>
    </ClCompile>
    <ClCompile Include="unit_upgradable.cpp">
      <Filter>Source Files</Filter>
    </ClCompile>
  </ItemGroup>
  <ItemGroup>
    <None Include="packages.config" />
  </ItemGroup>
</Project>